
Microsoft Visual Studio Solution File, Format Version 12.00
# Visual Studio Version 16
VisualStudioVersion = 16.0.30907.101
MinimumVisualStudioVersion = 10.0.40219.1
Project("{FAE04EC0-301F-11D3-BF4B-00C04F79EFBC}") = "WpfApp1", "WpfApp1.csproj", "{38F5B399-6356-44E7-8EEE-E5C8A076059E}"
EndProject
Global
	GlobalSection(SolutionConfigurationPlatforms) = preSolution
		Debug|Any CPU = Debug|Any CPU
		Release|Any CPU = Release|Any CPU
	EndGlobalSection
	GlobalSection(ProjectConfigurationPlatforms) = postSolution
		{38F5B399-6356-44E7-8EEE-E5C8A076059E}.Debug|Any CPU.ActiveCfg = Debug|Any CPU
		{38F5B399-6356-44E7-8EEE-E5C8A076059E}.Debug|Any CPU.Build.0 = Debug|Any CPU
		{38F5B399-6356-44E7-8EEE-E5C8A076059E}.Release|Any CPU.ActiveCfg = Release|Any CPU
		{38F5B399-6356-44E7-8EEE-E5C8A076059E}.Release|Any CPU.Build.0 = Release|Any CPU
	EndGlobalSection
	GlobalSection(SolutionProperties) = preSolution
		HideSolutionNode = FALSE
	EndGlobalSection
	GlobalSection(ExtensibilityGlobals) = postSolution
		SolutionGuid = {8BF37006-BEE8-4927-86B6-D99C29291221}
	EndGlobalSection
EndGlobal
